
Microsoft Visual Studio Solution File, Format Version 12.00
# Visual Studio Version 17
VisualStudioVersion = 17.1.32328.378
MinimumVisualStudioVersion = 10.0.40219.1
Project("{FAE04EC0-301F-11D3-BF4B-00C04F79EFBC}") = "DelegatesAndEvents", "DelegatesAndEvents.csproj", "{4D041C8D-F22B-4B6C-AE95-AB01A4E43D9E}"
EndProject
Project("{FAE04EC0-301F-11D3-BF4B-00C04F79EFBC}") = "Events", "..\Events\Events.csproj", "{892CAF25-8343-471A-A7C5-AA7BD14325DB}"
EndProject
Global
	GlobalSection(SolutionConfigurationPlatforms) = preSolution
		Debug|Any CPU = Debug|Any CPU
		Release|Any CPU = Release|Any CPU
	EndGlobalSection
	GlobalSection(ProjectConfigurationPlatforms) = postSolution
		{4D041C8D-F22B-4B6C-AE95-AB01A4E43D9E}.Debug|Any CPU.ActiveCfg = Debug|Any CPU
		{4D041C8D-F22B-4B6C-AE95-AB01A4E43D9E}.Debug|Any CPU.Build.0 = Debug|Any CPU
		{4D041C8D-F22B-4B6C-AE95-AB01A4E43D9E}.Release|Any CPU.ActiveCfg = Release|Any CPU
		{4D041C8D-F22B-4B6C-AE95-AB01A4E43D9E}.Release|Any CPU.Build.0 = Release|Any CPU
		{892CAF25-8343-471A-A7C5-AA7BD14325DB}.Debug|Any CPU.ActiveCfg = Debug|Any CPU
		{892CAF25-8343-471A-A7C5-AA7BD14325DB}.Debug|Any CPU.Build.0 = Debug|Any CPU
		{892CAF25-8343-471A-A7C5-AA7BD14325DB}.Release|Any CPU.ActiveCfg = Release|Any CPU
		{892CAF25-8343-471A-A7C5-AA7BD14325DB}.Release|Any CPU.Build.0 = Release|Any CPU
	EndGlobalSection
	GlobalSection(SolutionProperties) = preSolution
		HideSolutionNode = FALSE
	EndGlobalSection
	GlobalSection(ExtensibilityGlobals) = postSolution
		SolutionGuid = {078755F3-0F4B-4661-85F7-E4CB611657D2}
	EndGlobalSection
EndGlobal
