
Microsoft Visual Studio Solution File, Format Version 12.00
# Visual Studio Version 17
VisualStudioVersion = 17.1.32328.378
MinimumVisualStudioVersion = 10.0.40219.1
Project("{FAE04EC0-301F-11D3-BF4B-00C04F79EFBC}") = "Static Homework 01", "Static Homework 01.csproj", "{74959C70-2C93-476C-A5F4-62B938365CFB}"
EndProject
Global
	GlobalSection(SolutionConfigurationPlatforms) = preSolution
		Debug|Any CPU = Debug|Any CPU
		Release|Any CPU = Release|Any CPU
	EndGlobalSection
	GlobalSection(ProjectConfigurationPlatforms) = postSolution
		{74959C70-2C93-476C-A5F4-62B938365CFB}.Debug|Any CPU.ActiveCfg = Debug|Any CPU
		{74959C70-2C93-476C-A5F4-62B938365CFB}.Debug|Any CPU.Build.0 = Debug|Any CPU
		{74959C70-2C93-476C-A5F4-62B938365CFB}.Release|Any CPU.ActiveCfg = Release|Any CPU
		{74959C70-2C93-476C-A5F4-62B938365CFB}.Release|Any CPU.Build.0 = Release|Any CPU
	EndGlobalSection
	GlobalSection(SolutionProperties) = preSolution
		HideSolutionNode = FALSE
	EndGlobalSection
	GlobalSection(ExtensibilityGlobals) = postSolution
		SolutionGuid = {EEFF99AB-BCD8-41B1-B2FC-E3B4081F5679}
	EndGlobalSection
EndGlobal
