
Microsoft Visual Studio Solution File, Format Version 12.00
# Visual Studio Version 16
VisualStudioVersion = 16.0.32126.315
MinimumVisualStudioVersion = 10.0.40219.1
Project("{FAE04EC0-301F-11D3-BF4B-00C04F79EFBC}") = "CSharp_Homework_02_Mihail_Mishevski_Task_1", "CSharp_Homework_02_Mihail_Mishevski_Task_1.csproj", "{CA8FF593-0A3F-4175-8B4C-5E81542026C5}"
EndProject
Global
	GlobalSection(SolutionConfigurationPlatforms) = preSolution
		Debug|Any CPU = Debug|Any CPU
		Release|Any CPU = Release|Any CPU
	EndGlobalSection
	GlobalSection(ProjectConfigurationPlatforms) = postSolution
		{CA8FF593-0A3F-4175-8B4C-5E81542026C5}.Debug|Any CPU.ActiveCfg = Debug|Any CPU
		{CA8FF593-0A3F-4175-8B4C-5E81542026C5}.Debug|Any CPU.Build.0 = Debug|Any CPU
		{CA8FF593-0A3F-4175-8B4C-5E81542026C5}.Release|Any CPU.ActiveCfg = Release|Any CPU
		{CA8FF593-0A3F-4175-8B4C-5E81542026C5}.Release|Any CPU.Build.0 = Release|Any CPU
	EndGlobalSection
	GlobalSection(SolutionProperties) = preSolution
		HideSolutionNode = FALSE
	EndGlobalSection
	GlobalSection(ExtensibilityGlobals) = postSolution
		SolutionGuid = {85B08B70-BC88-4129-B18A-E8B40267D44A}
	EndGlobalSection
EndGlobal
