
Microsoft Visual Studio Solution File, Format Version 12.00
# Visual Studio Version 17
VisualStudioVersion = 17.1.32328.378
MinimumVisualStudioVersion = 10.0.40219.1
Project("{FAE04EC0-301F-11D3-BF4B-00C04F79EFBC}") = "GenericsExtension Homework Old 01", "GenericsExtension Homework Old 01.csproj", "{837EEC66-BD58-4E6D-907E-634BD7B7BD24}"
EndProject
Global
	GlobalSection(SolutionConfigurationPlatforms) = preSolution
		Debug|Any CPU = Debug|Any CPU
		Release|Any CPU = Release|Any CPU
	EndGlobalSection
	GlobalSection(ProjectConfigurationPlatforms) = postSolution
		{837EEC66-BD58-4E6D-907E-634BD7B7BD24}.Debug|Any CPU.ActiveCfg = Debug|Any CPU
		{837EEC66-BD58-4E6D-907E-634BD7B7BD24}.Debug|Any CPU.Build.0 = Debug|Any CPU
		{837EEC66-BD58-4E6D-907E-634BD7B7BD24}.Release|Any CPU.ActiveCfg = Release|Any CPU
		{837EEC66-BD58-4E6D-907E-634BD7B7BD24}.Release|Any CPU.Build.0 = Release|Any CPU
	EndGlobalSection
	GlobalSection(SolutionProperties) = preSolution
		HideSolutionNode = FALSE
	EndGlobalSection
	GlobalSection(ExtensibilityGlobals) = postSolution
		SolutionGuid = {8FA3B84D-EB72-4772-8EE3-8E30C2E572D0}
	EndGlobalSection
EndGlobal
