
Microsoft Visual Studio Solution File, Format Version 12.00
# Visual Studio Version 17
VisualStudioVersion = 17.1.32328.378
MinimumVisualStudioVersion = 10.0.40219.1
Project("{FAE04EC0-301F-11D3-BF4B-00C04F79EFBC}") = "Disposable", "Disposable.csproj", "{1A7E70DE-8A37-428C-A618-DCC0CFBFBEF8}"
EndProject
Project("{FAE04EC0-301F-11D3-BF4B-00C04F79EFBC}") = "NullableTypes", "..\NullableTypes\NullableTypes.csproj", "{20CBD1FF-2476-45C4-8EE5-5699D0A8F6CF}"
EndProject
Project("{FAE04EC0-301F-11D3-BF4B-00C04F79EFBC}") = "NamedAndOptionalParams", "..\NamedAndOptionalParams\NamedAndOptionalParams.csproj", "{708F1CF7-C9F8-445A-AF74-A9CDB8992FAE}"
EndProject
Global
	GlobalSection(SolutionConfigurationPlatforms) = preSolution
		Debug|Any CPU = Debug|Any CPU
		Release|Any CPU = Release|Any CPU
	EndGlobalSection
	GlobalSection(ProjectConfigurationPlatforms) = postSolution
		{1A7E70DE-8A37-428C-A618-DCC0CFBFBEF8}.Debug|Any CPU.ActiveCfg = Debug|Any CPU
		{1A7E70DE-8A37-428C-A618-DCC0CFBFBEF8}.Debug|Any CPU.Build.0 = Debug|Any CPU
		{1A7E70DE-8A37-428C-A618-DCC0CFBFBEF8}.Release|Any CPU.ActiveCfg = Release|Any CPU
		{1A7E70DE-8A37-428C-A618-DCC0CFBFBEF8}.Release|Any CPU.Build.0 = Release|Any CPU
		{20CBD1FF-2476-45C4-8EE5-5699D0A8F6CF}.Debug|Any CPU.ActiveCfg = Debug|Any CPU
		{20CBD1FF-2476-45C4-8EE5-5699D0A8F6CF}.Debug|Any CPU.Build.0 = Debug|Any CPU
		{20CBD1FF-2476-45C4-8EE5-5699D0A8F6CF}.Release|Any CPU.ActiveCfg = Release|Any CPU
		{20CBD1FF-2476-45C4-8EE5-5699D0A8F6CF}.Release|Any CPU.Build.0 = Release|Any CPU
		{708F1CF7-C9F8-445A-AF74-A9CDB8992FAE}.Debug|Any CPU.ActiveCfg = Debug|Any CPU
		{708F1CF7-C9F8-445A-AF74-A9CDB8992FAE}.Debug|Any CPU.Build.0 = Debug|Any CPU
		{708F1CF7-C9F8-445A-AF74-A9CDB8992FAE}.Release|Any CPU.ActiveCfg = Release|Any CPU
		{708F1CF7-C9F8-445A-AF74-A9CDB8992FAE}.Release|Any CPU.Build.0 = Release|Any CPU
	EndGlobalSection
	GlobalSection(SolutionProperties) = preSolution
		HideSolutionNode = FALSE
	EndGlobalSection
	GlobalSection(ExtensibilityGlobals) = postSolution
		SolutionGuid = {B448B14A-D6D6-4C68-856E-3913BA0CC933}
	EndGlobalSection
EndGlobal
