
Microsoft Visual Studio Solution File, Format Version 12.00
# Visual Studio Version 17
VisualStudioVersion = 17.1.32328.378
MinimumVisualStudioVersion = 10.0.40219.1
Project("{FAE04EC0-301F-11D3-BF4B-00C04F79EFBC}") = "Func Action LINQ", "Func Action LINQ.csproj", "{8460ABBA-F89C-4EB0-92ED-36E7276F33E6}"
EndProject
Project("{FAE04EC0-301F-11D3-BF4B-00C04F79EFBC}") = "AdvancedLINQ", "..\AdvancedLINQ\AdvancedLINQ.csproj", "{1207B715-577F-412C-BFE4-9F48646E977E}"
EndProject
Global
	GlobalSection(SolutionConfigurationPlatforms) = preSolution
		Debug|Any CPU = Debug|Any CPU
		Release|Any CPU = Release|Any CPU
	EndGlobalSection
	GlobalSection(ProjectConfigurationPlatforms) = postSolution
		{8460ABBA-F89C-4EB0-92ED-36E7276F33E6}.Debug|Any CPU.ActiveCfg = Debug|Any CPU
		{8460ABBA-F89C-4EB0-92ED-36E7276F33E6}.Debug|Any CPU.Build.0 = Debug|Any CPU
		{8460ABBA-F89C-4EB0-92ED-36E7276F33E6}.Release|Any CPU.ActiveCfg = Release|Any CPU
		{8460ABBA-F89C-4EB0-92ED-36E7276F33E6}.Release|Any CPU.Build.0 = Release|Any CPU
		{1207B715-577F-412C-BFE4-9F48646E977E}.Debug|Any CPU.ActiveCfg = Debug|Any CPU
		{1207B715-577F-412C-BFE4-9F48646E977E}.Debug|Any CPU.Build.0 = Debug|Any CPU
		{1207B715-577F-412C-BFE4-9F48646E977E}.Release|Any CPU.ActiveCfg = Release|Any CPU
		{1207B715-577F-412C-BFE4-9F48646E977E}.Release|Any CPU.Build.0 = Release|Any CPU
	EndGlobalSection
	GlobalSection(SolutionProperties) = preSolution
		HideSolutionNode = FALSE
	EndGlobalSection
	GlobalSection(ExtensibilityGlobals) = postSolution
		SolutionGuid = {227F2E3D-F72F-4034-93AC-695A4FBA2467}
	EndGlobalSection
EndGlobal
