
Microsoft Visual Studio Solution File, Format Version 12.00
# Visual Studio Version 17
VisualStudioVersion = 17.1.32328.378
MinimumVisualStudioVersion = 10.0.40219.1
Project("{FAE04EC0-301F-11D3-BF4B-00C04F79EFBC}") = "Static Homework Old 01", "Static Homework Old 01.csproj", "{60A4AA19-462A-44D4-9148-3A252E5584CE}"
EndProject
Global
	GlobalSection(SolutionConfigurationPlatforms) = preSolution
		Debug|Any CPU = Debug|Any CPU
		Release|Any CPU = Release|Any CPU
	EndGlobalSection
	GlobalSection(ProjectConfigurationPlatforms) = postSolution
		{60A4AA19-462A-44D4-9148-3A252E5584CE}.Debug|Any CPU.ActiveCfg = Debug|Any CPU
		{60A4AA19-462A-44D4-9148-3A252E5584CE}.Debug|Any CPU.Build.0 = Debug|Any CPU
		{60A4AA19-462A-44D4-9148-3A252E5584CE}.Release|Any CPU.ActiveCfg = Release|Any CPU
		{60A4AA19-462A-44D4-9148-3A252E5584CE}.Release|Any CPU.Build.0 = Release|Any CPU
	EndGlobalSection
	GlobalSection(SolutionProperties) = preSolution
		HideSolutionNode = FALSE
	EndGlobalSection
	GlobalSection(ExtensibilityGlobals) = postSolution
		SolutionGuid = {53A916A6-50F2-4271-AC6F-CC7812193A73}
	EndGlobalSection
EndGlobal
