
Microsoft Visual Studio Solution File, Format Version 12.00
# Visual Studio Version 16
VisualStudioVersion = 16.0.32126.315
MinimumVisualStudioVersion = 10.0.40219.1
Project("{FAE04EC0-301F-11D3-BF4B-00C04F79EFBC}") = "Task 01", "Task 01.csproj", "{71B5776A-47E4-4FA1-81E1-E45EF8193719}"
EndProject
Project("{FAE04EC0-301F-11D3-BF4B-00C04F79EFBC}") = "Task 02", "..\Task 02\Task 02.csproj", "{C1086268-AB8D-4123-9045-C928660D8527}"
EndProject
Project("{FAE04EC0-301F-11D3-BF4B-00C04F79EFBC}") = "Entities", "..\Entities\Entities.csproj", "{0F02AF3C-36BA-4F91-99ED-F8641A1B0B1D}"
EndProject
Global
	GlobalSection(SolutionConfigurationPlatforms) = preSolution
		Debug|Any CPU = Debug|Any CPU
		Release|Any CPU = Release|Any CPU
	EndGlobalSection
	GlobalSection(ProjectConfigurationPlatforms) = postSolution
		{71B5776A-47E4-4FA1-81E1-E45EF8193719}.Debug|Any CPU.ActiveCfg = Debug|Any CPU
		{71B5776A-47E4-4FA1-81E1-E45EF8193719}.Debug|Any CPU.Build.0 = Debug|Any CPU
		{71B5776A-47E4-4FA1-81E1-E45EF8193719}.Release|Any CPU.ActiveCfg = Release|Any CPU
		{71B5776A-47E4-4FA1-81E1-E45EF8193719}.Release|Any CPU.Build.0 = Release|Any CPU
		{C1086268-AB8D-4123-9045-C928660D8527}.Debug|Any CPU.ActiveCfg = Debug|Any CPU
		{C1086268-AB8D-4123-9045-C928660D8527}.Debug|Any CPU.Build.0 = Debug|Any CPU
		{C1086268-AB8D-4123-9045-C928660D8527}.Release|Any CPU.ActiveCfg = Release|Any CPU
		{C1086268-AB8D-4123-9045-C928660D8527}.Release|Any CPU.Build.0 = Release|Any CPU
		{0F02AF3C-36BA-4F91-99ED-F8641A1B0B1D}.Debug|Any CPU.ActiveCfg = Debug|Any CPU
		{0F02AF3C-36BA-4F91-99ED-F8641A1B0B1D}.Debug|Any CPU.Build.0 = Debug|Any CPU
		{0F02AF3C-36BA-4F91-99ED-F8641A1B0B1D}.Release|Any CPU.ActiveCfg = Release|Any CPU
		{0F02AF3C-36BA-4F91-99ED-F8641A1B0B1D}.Release|Any CPU.Build.0 = Release|Any CPU
	EndGlobalSection
	GlobalSection(SolutionProperties) = preSolution
		HideSolutionNode = FALSE
	EndGlobalSection
	GlobalSection(ExtensibilityGlobals) = postSolution
		SolutionGuid = {A6410C03-74FE-461F-A938-E244728EB94C}
	EndGlobalSection
EndGlobal
