
Microsoft Visual Studio Solution File, Format Version 12.00
# Visual Studio Version 17
VisualStudioVersion = 17.1.32328.378
MinimumVisualStudioVersion = 10.0.40219.1
Project("{FAE04EC0-301F-11D3-BF4B-00C04F79EFBC}") = "Kata", "Kata\Kata.csproj", "{ACCDF2B9-0A71-4F53-AE13-5AFD41D107D0}"
EndProject
Global
	GlobalSection(SolutionConfigurationPlatforms) = preSolution
		Debug|Any CPU = Debug|Any CPU
		Release|Any CPU = Release|Any CPU
	EndGlobalSection
	GlobalSection(ProjectConfigurationPlatforms) = postSolution
		{ACCDF2B9-0A71-4F53-AE13-5AFD41D107D0}.Debug|Any CPU.ActiveCfg = Debug|Any CPU
		{ACCDF2B9-0A71-4F53-AE13-5AFD41D107D0}.Debug|Any CPU.Build.0 = Debug|Any CPU
		{ACCDF2B9-0A71-4F53-AE13-5AFD41D107D0}.Release|Any CPU.ActiveCfg = Release|Any CPU
		{ACCDF2B9-0A71-4F53-AE13-5AFD41D107D0}.Release|Any CPU.Build.0 = Release|Any CPU
	EndGlobalSection
	GlobalSection(SolutionProperties) = preSolution
		HideSolutionNode = FALSE
	EndGlobalSection
	GlobalSection(ExtensibilityGlobals) = postSolution
		SolutionGuid = {FE052037-C68E-43D1-ADF3-6FA98331BE98}
	EndGlobalSection
EndGlobal
