
Microsoft Visual Studio Solution File, Format Version 12.00
# Visual Studio Version 17
VisualStudioVersion = 17.1.32328.378
MinimumVisualStudioVersion = 10.0.40219.1
Project("{9A19103F-16F7-4668-BE54-9A1E7A4F7556}") = "SerializeDeserialize", "SerializeDeserialize.csproj", "{9417675C-66EA-49D4-870D-EF0769988036}"
EndProject
Project("{FAE04EC0-301F-11D3-BF4B-00C04F79EFBC}") = "FileDb", "..\FileDb\FileDb.csproj", "{0DB0004A-C87A-4B70-9EDA-8DE3819A9B58}"
EndProject
Global
	GlobalSection(SolutionConfigurationPlatforms) = preSolution
		Debug|Any CPU = Debug|Any CPU
		Release|Any CPU = Release|Any CPU
	EndGlobalSection
	GlobalSection(ProjectConfigurationPlatforms) = postSolution
		{9417675C-66EA-49D4-870D-EF0769988036}.Debug|Any CPU.ActiveCfg = Debug|Any CPU
		{9417675C-66EA-49D4-870D-EF0769988036}.Debug|Any CPU.Build.0 = Debug|Any CPU
		{9417675C-66EA-49D4-870D-EF0769988036}.Release|Any CPU.ActiveCfg = Release|Any CPU
		{9417675C-66EA-49D4-870D-EF0769988036}.Release|Any CPU.Build.0 = Release|Any CPU
		{0DB0004A-C87A-4B70-9EDA-8DE3819A9B58}.Debug|Any CPU.ActiveCfg = Debug|Any CPU
		{0DB0004A-C87A-4B70-9EDA-8DE3819A9B58}.Debug|Any CPU.Build.0 = Debug|Any CPU
		{0DB0004A-C87A-4B70-9EDA-8DE3819A9B58}.Release|Any CPU.ActiveCfg = Release|Any CPU
		{0DB0004A-C87A-4B70-9EDA-8DE3819A9B58}.Release|Any CPU.Build.0 = Release|Any CPU
	EndGlobalSection
	GlobalSection(SolutionProperties) = preSolution
		HideSolutionNode = FALSE
	EndGlobalSection
	GlobalSection(ExtensibilityGlobals) = postSolution
		SolutionGuid = {325F1841-D1D5-4142-BF30-FDF0D8EB1688}
	EndGlobalSection
EndGlobal
