
Microsoft Visual Studio Solution File, Format Version 12.00
# Visual Studio Version 17
VisualStudioVersion = 17.1.32328.378
MinimumVisualStudioVersion = 10.0.40219.1
Project("{FAE04EC0-301F-11D3-BF4B-00C04F79EFBC}") = "StaticClassAndPolymorphism", "StaticClassAndPolymorphism\StaticClassAndPolymorphism.csproj", "{0B35F608-F724-482F-92B5-CA0FA93A95AC}"
EndProject
Project("{FAE04EC0-301F-11D3-BF4B-00C04F79EFBC}") = "StaticClass Exercise 01", "StaticClass Exercise 01\StaticClass Exercise 01.csproj", "{DD03DDEA-D0DD-42DB-861D-540651F92A19}"
EndProject
Project("{FAE04EC0-301F-11D3-BF4B-00C04F79EFBC}") = "Polymorphism", "Polymorphism\Polymorphism.csproj", "{0A977821-B418-47B1-B750-AE8F292B01F4}"
EndProject
Global
	GlobalSection(SolutionConfigurationPlatforms) = preSolution
		Debug|Any CPU = Debug|Any CPU
		Release|Any CPU = Release|Any CPU
	EndGlobalSection
	GlobalSection(ProjectConfigurationPlatforms) = postSolution
		{0B35F608-F724-482F-92B5-CA0FA93A95AC}.Debug|Any CPU.ActiveCfg = Debug|Any CPU
		{0B35F608-F724-482F-92B5-CA0FA93A95AC}.Debug|Any CPU.Build.0 = Debug|Any CPU
		{0B35F608-F724-482F-92B5-CA0FA93A95AC}.Release|Any CPU.ActiveCfg = Release|Any CPU
		{0B35F608-F724-482F-92B5-CA0FA93A95AC}.Release|Any CPU.Build.0 = Release|Any CPU
		{DD03DDEA-D0DD-42DB-861D-540651F92A19}.Debug|Any CPU.ActiveCfg = Debug|Any CPU
		{DD03DDEA-D0DD-42DB-861D-540651F92A19}.Debug|Any CPU.Build.0 = Debug|Any CPU
		{DD03DDEA-D0DD-42DB-861D-540651F92A19}.Release|Any CPU.ActiveCfg = Release|Any CPU
		{DD03DDEA-D0DD-42DB-861D-540651F92A19}.Release|Any CPU.Build.0 = Release|Any CPU
		{0A977821-B418-47B1-B750-AE8F292B01F4}.Debug|Any CPU.ActiveCfg = Debug|Any CPU
		{0A977821-B418-47B1-B750-AE8F292B01F4}.Debug|Any CPU.Build.0 = Debug|Any CPU
		{0A977821-B418-47B1-B750-AE8F292B01F4}.Release|Any CPU.ActiveCfg = Release|Any CPU
		{0A977821-B418-47B1-B750-AE8F292B01F4}.Release|Any CPU.Build.0 = Release|Any CPU
	EndGlobalSection
	GlobalSection(SolutionProperties) = preSolution
		HideSolutionNode = FALSE
	EndGlobalSection
	GlobalSection(ExtensibilityGlobals) = postSolution
		SolutionGuid = {DF9E09F4-E7EF-4579-88AA-BDC5D576F889}
	EndGlobalSection
EndGlobal
